
Microsoft Visual Studio Solution File, Format Version 12.00
# Visual Studio Version 16
VisualStudioVersion = 16.0.30413.136
MinimumVisualStudioVersion = 10.0.40219.1
Project("{2150E333-8FDC-42A3-9474-1A3956D46DE8}") = "1-Services", "1-Services", "{27A53E9C-B314-4AFB-AD0E-9E0F4B55AE73}"
EndProject
Project("{2150E333-8FDC-42A3-9474-1A3956D46DE8}") = "2-Application", "2-Application", "{DD97243C-1BA4-4F16-B4DC-3B76BA99C1F7}"
EndProject
Project("{2150E333-8FDC-42A3-9474-1A3956D46DE8}") = "3-Domain", "3-Domain", "{3D735E6F-08BE-49F6-AB57-0037A2D328DA}"
EndProject
Project("{2150E333-8FDC-42A3-9474-1A3956D46DE8}") = "4-Infra", "4-Infra", "{7179F9AC-C29C-40D3-9FF9-875143F8BFD9}"
EndProject
Project("{9A19103F-16F7-4668-BE54-9A1E7A4F7556}") = "JurosRestDDDAPI", "JurosRestDDDAPI\JurosRestDDDAPI.csproj", "{27F86339-3A5E-4C84-802A-86F9CCFECCCF}"
EndProject
Project("{9A19103F-16F7-4668-BE54-9A1E7A4F7556}") = "JurosRestDDDApplication", "JurosRestDDDApplication\JurosRestDDDApplication.csproj", "{8D37FFAA-9745-48E7-8CD6-D2D29C8FAE70}"
EndProject
Project("{9A19103F-16F7-4668-BE54-9A1E7A4F7556}") = "JurosRestDDDDomain", "JurosRestDDDDomain\JurosRestDDDDomain.csproj", "{FFE310CA-1609-411F-A913-6435335918AD}"
EndProject
Project("{9A19103F-16F7-4668-BE54-9A1E7A4F7556}") = "JurosRestDDDDomain.Core", "JurosRestDDDDomain.Core\JurosRestDDDDomain.Core.csproj", "{10866AF5-01FD-41D3-B462-6451A35AEF35}"
EndProject
Project("{9A19103F-16F7-4668-BE54-9A1E7A4F7556}") = "JurosRestDDDDomain.Services", "JurosRestDDDDomain.Services\JurosRestDDDDomain.Services.csproj", "{43249739-AD5A-4735-B8B7-94CD05357A8D}"
EndProject
Project("{9A19103F-16F7-4668-BE54-9A1E7A4F7556}") = "JurosRestDDDInfra", "JurosRestDDDInfra\JurosRestDDDInfra.csproj", "{7F9CB296-C156-4F8D-A63C-2C50A31C91D0}"
EndProject
Project("{9A19103F-16F7-4668-BE54-9A1E7A4F7556}") = "TaxasRestDDDAPI", "TaxasRestDDDAPI\TaxasRestDDDAPI.csproj", "{C73DB11D-381B-49B5-9FD7-E356C258BA19}"
EndProject
Project("{FAE04EC0-301F-11D3-BF4B-00C04F79EFBC}") = "ProjetoJurosDDD.UnitTests", "ProjetoJurosDDD.UnitTests\ProjetoJurosDDD.UnitTests.csproj", "{CD4815D3-A99B-4E42-8EFF-CAEAB01AE05F}"
EndProject
Global
	GlobalSection(SolutionConfigurationPlatforms) = preSolution
		Debug|Any CPU = Debug|Any CPU
		Release|Any CPU = Release|Any CPU
	EndGlobalSection
	GlobalSection(ProjectConfigurationPlatforms) = postSolution
		{27F86339-3A5E-4C84-802A-86F9CCFECCCF}.Debug|Any CPU.ActiveCfg = Debug|Any CPU
		{27F86339-3A5E-4C84-802A-86F9CCFECCCF}.Debug|Any CPU.Build.0 = Debug|Any CPU
		{27F86339-3A5E-4C84-802A-86F9CCFECCCF}.Release|Any CPU.ActiveCfg = Release|Any CPU
		{27F86339-3A5E-4C84-802A-86F9CCFECCCF}.Release|Any CPU.Build.0 = Release|Any CPU
		{8D37FFAA-9745-48E7-8CD6-D2D29C8FAE70}.Debug|Any CPU.ActiveCfg = Debug|Any CPU
		{8D37FFAA-9745-48E7-8CD6-D2D29C8FAE70}.Debug|Any CPU.Build.0 = Debug|Any CPU
		{8D37FFAA-9745-48E7-8CD6-D2D29C8FAE70}.Release|Any CPU.ActiveCfg = Release|Any CPU
		{8D37FFAA-9745-48E7-8CD6-D2D29C8FAE70}.Release|Any CPU.Build.0 = Release|Any CPU
		{FFE310CA-1609-411F-A913-6435335918AD}.Debug|Any CPU.ActiveCfg = Debug|Any CPU
		{FFE310CA-1609-411F-A913-6435335918AD}.Debug|Any CPU.Build.0 = Debug|Any CPU
		{FFE310CA-1609-411F-A913-6435335918AD}.Release|Any CPU.ActiveCfg = Release|Any CPU
		{FFE310CA-1609-411F-A913-6435335918AD}.Release|Any CPU.Build.0 = Release|Any CPU
		{10866AF5-01FD-41D3-B462-6451A35AEF35}.Debug|Any CPU.ActiveCfg = Debug|Any CPU
		{10866AF5-01FD-41D3-B462-6451A35AEF35}.Debug|Any CPU.Build.0 = Debug|Any CPU
		{10866AF5-01FD-41D3-B462-6451A35AEF35}.Release|Any CPU.ActiveCfg = Release|Any CPU
		{10866AF5-01FD-41D3-B462-6451A35AEF35}.Release|Any CPU.Build.0 = Release|Any CPU
		{43249739-AD5A-4735-B8B7-94CD05357A8D}.Debug|Any CPU.ActiveCfg = Debug|Any CPU
		{43249739-AD5A-4735-B8B7-94CD05357A8D}.Debug|Any CPU.Build.0 = Debug|Any CPU
		{43249739-AD5A-4735-B8B7-94CD05357A8D}.Release|Any CPU.ActiveCfg = Release|Any CPU
		{43249739-AD5A-4735-B8B7-94CD05357A8D}.Release|Any CPU.Build.0 = Release|Any CPU
		{7F9CB296-C156-4F8D-A63C-2C50A31C91D0}.Debug|Any CPU.ActiveCfg = Debug|Any CPU
		{7F9CB296-C156-4F8D-A63C-2C50A31C91D0}.Debug|Any CPU.Build.0 = Debug|Any CPU
		{7F9CB296-C156-4F8D-A63C-2C50A31C91D0}.Release|Any CPU.ActiveCfg = Release|Any CPU
		{7F9CB296-C156-4F8D-A63C-2C50A31C91D0}.Release|Any CPU.Build.0 = Release|Any CPU
		{C73DB11D-381B-49B5-9FD7-E356C258BA19}.Debug|Any CPU.ActiveCfg = Debug|Any CPU
		{C73DB11D-381B-49B5-9FD7-E356C258BA19}.Debug|Any CPU.Build.0 = Debug|Any CPU
		{C73DB11D-381B-49B5-9FD7-E356C258BA19}.Release|Any CPU.ActiveCfg = Release|Any CPU
		{C73DB11D-381B-49B5-9FD7-E356C258BA19}.Release|Any CPU.Build.0 = Release|Any CPU
		{CD4815D3-A99B-4E42-8EFF-CAEAB01AE05F}.Debug|Any CPU.ActiveCfg = Debug|Any CPU
		{CD4815D3-A99B-4E42-8EFF-CAEAB01AE05F}.Debug|Any CPU.Build.0 = Debug|Any CPU
		{CD4815D3-A99B-4E42-8EFF-CAEAB01AE05F}.Release|Any CPU.ActiveCfg = Release|Any CPU
		{CD4815D3-A99B-4E42-8EFF-CAEAB01AE05F}.Release|Any CPU.Build.0 = Release|Any CPU
	EndGlobalSection
	GlobalSection(SolutionProperties) = preSolution
		HideSolutionNode = FALSE
	EndGlobalSection
	GlobalSection(NestedProjects) = preSolution
		{27F86339-3A5E-4C84-802A-86F9CCFECCCF} = {27A53E9C-B314-4AFB-AD0E-9E0F4B55AE73}
		{8D37FFAA-9745-48E7-8CD6-D2D29C8FAE70} = {DD97243C-1BA4-4F16-B4DC-3B76BA99C1F7}
		{FFE310CA-1609-411F-A913-6435335918AD} = {3D735E6F-08BE-49F6-AB57-0037A2D328DA}
		{10866AF5-01FD-41D3-B462-6451A35AEF35} = {3D735E6F-08BE-49F6-AB57-0037A2D328DA}
		{43249739-AD5A-4735-B8B7-94CD05357A8D} = {3D735E6F-08BE-49F6-AB57-0037A2D328DA}
		{7F9CB296-C156-4F8D-A63C-2C50A31C91D0} = {7179F9AC-C29C-40D3-9FF9-875143F8BFD9}
		{C73DB11D-381B-49B5-9FD7-E356C258BA19} = {27A53E9C-B314-4AFB-AD0E-9E0F4B55AE73}
	EndGlobalSection
	GlobalSection(ExtensibilityGlobals) = postSolution
		SolutionGuid = {155488B8-FCA7-4F1F-85B7-71E17F2DB9E3}
	EndGlobalSection
EndGlobal
